
Microsoft Visual Studio Solution File, Format Version 11.00
# Visual Web Developer Express 2010
Project("{00000000-0000-0000-0000-000000000000}") = "GreenupEnrollment", "GreenupEnrollment.csproj", "{8BD3396B-00EC-4F0B-9C9E-05C6D16B7F38}"
EndProject
Global
	GlobalSection(SolutionConfigurationPlatforms) = preSolution
		Debug|Any CPU = Debug|Any CPU
		Release|Any CPU = Release|Any CPU
	EndGlobalSection
	GlobalSection(ProjectConfigurationPlatforms) = postSolution
		{8BD3396B-00EC-4F0B-9C9E-05C6D16B7F38}.Debug|Any CPU.ActiveCfg = Debug|Any CPU
		{8BD3396B-00EC-4F0B-9C9E-05C6D16B7F38}.Debug|Any CPU.Build.0 = Debug|Any CPU
		{8BD3396B-00EC-4F0B-9C9E-05C6D16B7F38}.Release|Any CPU.ActiveCfg = Release|Any CPU
		{8BD3396B-00EC-4F0B-9C9E-05C6D16B7F38}.Release|Any CPU.Build.0 = Release|Any CPU
	EndGlobalSection
	GlobalSection(SolutionProperties) = preSolution
		HideSolutionNode = FALSE
	EndGlobalSection
EndGlobal
